
Microsoft Visual Studio Solution File, Format Version 12.00
# Visual Studio Version 17
VisualStudioVersion = 17.10.34928.147
MinimumVisualStudioVersion = 10.0.40219.1
Project("{FAE04EC0-301F-11D3-BF4B-00C04F79EFBC}") = "Homework", "Homework\Homework.csproj", "{A708BF7D-3C69-486B-BAE4-7CC9D2E8221A}"
EndProject
Global
	GlobalSection(SolutionConfigurationPlatforms) = preSolution
		Debug|Any CPU = Debug|Any CPU
		Release|Any CPU = Release|Any CPU
	EndGlobalSection
	GlobalSection(ProjectConfigurationPlatforms) = postSolution
		{A708BF7D-3C69-486B-BAE4-7CC9D2E8221A}.Debug|Any CPU.ActiveCfg = Debug|Any CPU
		{A708BF7D-3C69-486B-BAE4-7CC9D2E8221A}.Debug|Any CPU.Build.0 = Debug|Any CPU
		{A708BF7D-3C69-486B-BAE4-7CC9D2E8221A}.Release|Any CPU.ActiveCfg = Release|Any CPU
		{A708BF7D-3C69-486B-BAE4-7CC9D2E8221A}.Release|Any CPU.Build.0 = Release|Any CPU
	EndGlobalSection
	GlobalSection(SolutionProperties) = preSolution
		HideSolutionNode = FALSE
	EndGlobalSection
	GlobalSection(ExtensibilityGlobals) = postSolution
		SolutionGuid = {B7BB1008-1F6B-48C1-A7B2-3B227AE5D083}
	EndGlobalSection
EndGlobal
